
Microsoft Visual Studio Solution File, Format Version 12.00
# Visual Studio Version 17
VisualStudioVersion = 17.14.36623.8 d17.14
MinimumVisualStudioVersion = 10.0.40219.1
Project("{FAE04EC0-301F-11D3-BF4B-00C04F79EFBC}") = "CMCS_Web_App", "CMCS_Web_App\CMCS_Web_App.csproj", "{12F4CC91-9913-4377-B45C-7D21A295137F}"
EndProject
Global
	GlobalSection(SolutionConfigurationPlatforms) = preSolution
		Debug|Any CPU = Debug|Any CPU
		Release|Any CPU = Release|Any CPU
	EndGlobalSection
	GlobalSection(ProjectConfigurationPlatforms) = postSolution
		{12F4CC91-9913-4377-B45C-7D21A295137F}.Debug|Any CPU.ActiveCfg = Debug|Any CPU
		{12F4CC91-9913-4377-B45C-7D21A295137F}.Debug|Any CPU.Build.0 = Debug|Any CPU
		{12F4CC91-9913-4377-B45C-7D21A295137F}.Release|Any CPU.ActiveCfg = Release|Any CPU
		{12F4CC91-9913-4377-B45C-7D21A295137F}.Release|Any CPU.Build.0 = Release|Any CPU
	EndGlobalSection
	GlobalSection(SolutionProperties) = preSolution
		HideSolutionNode = FALSE
	EndGlobalSection
	GlobalSection(ExtensibilityGlobals) = postSolution
		SolutionGuid = {4C512999-C1D0-426D-B2EF-98225D11D808}
	EndGlobalSection
EndGlobal
